
Microsoft Visual Studio Solution File, Format Version 12.00
# Visual Studio 14
VisualStudioVersion = 14.0.25420.1
MinimumVisualStudioVersion = 10.0.40219.1
Project("{FAE04EC0-301F-11D3-BF4B-00C04F79EFBC}") = "programmingFudamentals2", "programmingFudamentals2\programmingFudamentals2.csproj", "{A5F0403E-0D8E-49B2-9D0E-9FA6B5421278}"
EndProject
Project("{FAE04EC0-301F-11D3-BF4B-00C04F79EFBC}") = "VaporStore", "VaporStore\VaporStore.csproj", "{F689FF5B-D998-4562-8D13-84D13E9A6794}"
EndProject
Project("{FAE04EC0-301F-11D3-BF4B-00C04F79EFBC}") = "megapixels", "megapixels\megapixels.csproj", "{F9EEA659-A4BB-4B93-A838-857598306797}"
EndProject
Project("{FAE04EC0-301F-11D3-BF4B-00C04F79EFBC}") = "photoGallery", "photoGallery\photoGallery.csproj", "{41FCBEBA-DE1E-490D-B5DF-D71AFDD3F4C6}"
EndProject
Project("{FAE04EC0-301F-11D3-BF4B-00C04F79EFBC}") = "BPMCounter", "BPMCounter\BPMCounter.csproj", "{84D6E45E-2F6C-441A-AC7A-1D015F87CF4F}"
EndProject
Project("{FAE04EC0-301F-11D3-BF4B-00C04F79EFBC}") = "dnaSequences", "dnaSequences\dnaSequences.csproj", "{C014EB62-C71D-4E04-B140-1A0B8B844F44}"
EndProject
Project("{FAE04EC0-301F-11D3-BF4B-00C04F79EFBC}") = "trainingHallequipment", "trainingHallequipment\trainingHallequipment.csproj", "{8CD768C3-8DBE-4957-8D0D-0D563F014FD6}"
EndProject
Project("{FAE04EC0-301F-11D3-BF4B-00C04F79EFBC}") = "SMS", "SMS\SMS.csproj", "{60A87D64-9BF6-434D-ABBE-B6CC53CB0DA6}"
EndProject
Global
	GlobalSection(SolutionConfigurationPlatforms) = preSolution
		Debug|Any CPU = Debug|Any CPU
		Release|Any CPU = Release|Any CPU
	EndGlobalSection
	GlobalSection(ProjectConfigurationPlatforms) = postSolution
		{A5F0403E-0D8E-49B2-9D0E-9FA6B5421278}.Debug|Any CPU.ActiveCfg = Debug|Any CPU
		{A5F0403E-0D8E-49B2-9D0E-9FA6B5421278}.Debug|Any CPU.Build.0 = Debug|Any CPU
		{A5F0403E-0D8E-49B2-9D0E-9FA6B5421278}.Release|Any CPU.ActiveCfg = Release|Any CPU
		{A5F0403E-0D8E-49B2-9D0E-9FA6B5421278}.Release|Any CPU.Build.0 = Release|Any CPU
		{F689FF5B-D998-4562-8D13-84D13E9A6794}.Debug|Any CPU.ActiveCfg = Debug|Any CPU
		{F689FF5B-D998-4562-8D13-84D13E9A6794}.Debug|Any CPU.Build.0 = Debug|Any CPU
		{F689FF5B-D998-4562-8D13-84D13E9A6794}.Release|Any CPU.ActiveCfg = Release|Any CPU
		{F689FF5B-D998-4562-8D13-84D13E9A6794}.Release|Any CPU.Build.0 = Release|Any CPU
		{F9EEA659-A4BB-4B93-A838-857598306797}.Debug|Any CPU.ActiveCfg = Debug|Any CPU
		{F9EEA659-A4BB-4B93-A838-857598306797}.Debug|Any CPU.Build.0 = Debug|Any CPU
		{F9EEA659-A4BB-4B93-A838-857598306797}.Release|Any CPU.ActiveCfg = Release|Any CPU
		{F9EEA659-A4BB-4B93-A838-857598306797}.Release|Any CPU.Build.0 = Release|Any CPU
		{41FCBEBA-DE1E-490D-B5DF-D71AFDD3F4C6}.Debug|Any CPU.ActiveCfg = Debug|Any CPU
		{41FCBEBA-DE1E-490D-B5DF-D71AFDD3F4C6}.Debug|Any CPU.Build.0 = Debug|Any CPU
		{41FCBEBA-DE1E-490D-B5DF-D71AFDD3F4C6}.Release|Any CPU.ActiveCfg = Release|Any CPU
		{41FCBEBA-DE1E-490D-B5DF-D71AFDD3F4C6}.Release|Any CPU.Build.0 = Release|Any CPU
		{84D6E45E-2F6C-441A-AC7A-1D015F87CF4F}.Debug|Any CPU.ActiveCfg = Debug|Any CPU
		{84D6E45E-2F6C-441A-AC7A-1D015F87CF4F}.Debug|Any CPU.Build.0 = Debug|Any CPU
		{84D6E45E-2F6C-441A-AC7A-1D015F87CF4F}.Release|Any CPU.ActiveCfg = Release|Any CPU
		{84D6E45E-2F6C-441A-AC7A-1D015F87CF4F}.Release|Any CPU.Build.0 = Release|Any CPU
		{C014EB62-C71D-4E04-B140-1A0B8B844F44}.Debug|Any CPU.ActiveCfg = Debug|Any CPU
		{C014EB62-C71D-4E04-B140-1A0B8B844F44}.Debug|Any CPU.Build.0 = Debug|Any CPU
		{C014EB62-C71D-4E04-B140-1A0B8B844F44}.Release|Any CPU.ActiveCfg = Release|Any CPU
		{C014EB62-C71D-4E04-B140-1A0B8B844F44}.Release|Any CPU.Build.0 = Release|Any CPU
		{8CD768C3-8DBE-4957-8D0D-0D563F014FD6}.Debug|Any CPU.ActiveCfg = Debug|Any CPU
		{8CD768C3-8DBE-4957-8D0D-0D563F014FD6}.Debug|Any CPU.Build.0 = Debug|Any CPU
		{8CD768C3-8DBE-4957-8D0D-0D563F014FD6}.Release|Any CPU.ActiveCfg = Release|Any CPU
		{8CD768C3-8DBE-4957-8D0D-0D563F014FD6}.Release|Any CPU.Build.0 = Release|Any CPU
		{60A87D64-9BF6-434D-ABBE-B6CC53CB0DA6}.Debug|Any CPU.ActiveCfg = Debug|Any CPU
		{60A87D64-9BF6-434D-ABBE-B6CC53CB0DA6}.Debug|Any CPU.Build.0 = Debug|Any CPU
		{60A87D64-9BF6-434D-ABBE-B6CC53CB0DA6}.Release|Any CPU.ActiveCfg = Release|Any CPU
		{60A87D64-9BF6-434D-ABBE-B6CC53CB0DA6}.Release|Any CPU.Build.0 = Release|Any CPU
	EndGlobalSection
	GlobalSection(SolutionProperties) = preSolution
		HideSolutionNode = FALSE
	EndGlobalSection
EndGlobal
